
Microsoft Visual Studio Solution File, Format Version 12.00
# Visual Studio Version 17
VisualStudioVersion = 17.5.002.0
MinimumVisualStudioVersion = 10.0.40219.1
Project("{9A19103F-16F7-4668-BE54-9A1E7A4F7556}") = "HUS", "HUS\HUS.csproj", "{4A3F0871-0851-4D57-8DEF-093E5A36801F}"
EndProject
Project("{9A19103F-16F7-4668-BE54-9A1E7A4F7556}") = "HUS.Tests", "HUS.Tests\HUS.Tests.csproj", "{32907DB3-0511-4A3D-8DE1-F19BBFA3993A}"
EndProject
Global
	GlobalSection(SolutionConfigurationPlatforms) = preSolution
		Debug|Any CPU = Debug|Any CPU
		Release|Any CPU = Release|Any CPU
	EndGlobalSection
	GlobalSection(ProjectConfigurationPlatforms) = postSolution
		{4A3F0871-0851-4D57-8DEF-093E5A36801F}.Debug|Any CPU.ActiveCfg = Debug|Any CPU
		{4A3F0871-0851-4D57-8DEF-093E5A36801F}.Debug|Any CPU.Build.0 = Debug|Any CPU
		{4A3F0871-0851-4D57-8DEF-093E5A36801F}.Release|Any CPU.ActiveCfg = Release|Any CPU
		{4A3F0871-0851-4D57-8DEF-093E5A36801F}.Release|Any CPU.Build.0 = Release|Any CPU
		{32907DB3-0511-4A3D-8DE1-F19BBFA3993A}.Debug|Any CPU.ActiveCfg = Debug|Any CPU
		{32907DB3-0511-4A3D-8DE1-F19BBFA3993A}.Debug|Any CPU.Build.0 = Debug|Any CPU
		{32907DB3-0511-4A3D-8DE1-F19BBFA3993A}.Release|Any CPU.ActiveCfg = Release|Any CPU
		{32907DB3-0511-4A3D-8DE1-F19BBFA3993A}.Release|Any CPU.Build.0 = Release|Any CPU
	EndGlobalSection
	GlobalSection(SolutionProperties) = preSolution
		HideSolutionNode = FALSE
	EndGlobalSection
	GlobalSection(ExtensibilityGlobals) = postSolution
		SolutionGuid = {3C406ACF-D78F-43FA-85F7-F6DBEDC713A6}
	EndGlobalSection
EndGlobal
