
Microsoft Visual Studio Solution File, Format Version 12.00
# Visual Studio Version 17
VisualStudioVersion = 17.8.34316.72
MinimumVisualStudioVersion = 10.0.40219.1
Project("{9A19103F-16F7-4668-BE54-9A1E7A4F7556}") = "HSU", "HSU\HSU.csproj", "{646E5FE0-6C71-43E3-818A-3CD55B4549FA}"
EndProject
Project("{9A19103F-16F7-4668-BE54-9A1E7A4F7556}") = "HSU.Desktop", "HSU.Desktop\HSU.Desktop.csproj", "{305BECC7-E472-41F1-B1FF-C2A6CD497780}"
EndProject
Global
	GlobalSection(SolutionConfigurationPlatforms) = preSolution
		Debug|Any CPU = Debug|Any CPU
		Release|Any CPU = Release|Any CPU
	EndGlobalSection
	GlobalSection(ProjectConfigurationPlatforms) = postSolution
		{646E5FE0-6C71-43E3-818A-3CD55B4549FA}.Debug|Any CPU.ActiveCfg = Debug|Any CPU
		{646E5FE0-6C71-43E3-818A-3CD55B4549FA}.Debug|Any CPU.Build.0 = Debug|Any CPU
		{646E5FE0-6C71-43E3-818A-3CD55B4549FA}.Release|Any CPU.ActiveCfg = Release|Any CPU
		{646E5FE0-6C71-43E3-818A-3CD55B4549FA}.Release|Any CPU.Build.0 = Release|Any CPU
		{305BECC7-E472-41F1-B1FF-C2A6CD497780}.Debug|Any CPU.ActiveCfg = Debug|Any CPU
		{305BECC7-E472-41F1-B1FF-C2A6CD497780}.Debug|Any CPU.Build.0 = Debug|Any CPU
		{305BECC7-E472-41F1-B1FF-C2A6CD497780}.Release|Any CPU.ActiveCfg = Release|Any CPU
		{305BECC7-E472-41F1-B1FF-C2A6CD497780}.Release|Any CPU.Build.0 = Release|Any CPU
	EndGlobalSection
	GlobalSection(SolutionProperties) = preSolution
		HideSolutionNode = FALSE
	EndGlobalSection
	GlobalSection(ExtensibilityGlobals) = postSolution
		SolutionGuid = {F8C9F6FB-19F1-4C18-85E8-347B0136D7A9}
	EndGlobalSection
EndGlobal
